// !$*UTF8*$!
{
	archiveVersion = 1;
	classes = {
	};
	objectVersion = 51;
	objects = {

/* Begin PBXBuildFile section */
		4705A029DC36294EC7D777E8 /* Pods_GH_API_00.framework in Frameworks */ = {isa = PBXBuildFile; fileRef = D2FC1281BDE4FF9DF245F11F /* Pods_GH_API_00.framework */; };
		BAF3A8D424BE876300FEA9E0 /* AppDelegate.swift in Sources */ = {isa = PBXBuildFile; fileRef = BAF3A8D324BE876300FEA9E0 /* AppDelegate.swift */; };
		BAF3A8D624BE876300FEA9E0 /* SceneDelegate.swift in Sources */ = {isa = PBXBuildFile; fileRef = BAF3A8D524BE876300FEA9E0 /* SceneDelegate.swift */; };
		BAF3A8D824BE876300FEA9E0 /* ContentView.swift in Sources */ = {isa = PBXBuildFile; fileRef = BAF3A8D724BE876300FEA9E0 /* ContentView.swift */; };
		BAF3A8DA24BE876400FEA9E0 /* Assets.xcassets in Resources */ = {isa = PBXBuildFile; fileRef = BAF3A8D924BE876400FEA9E0 /* Assets.xcassets */; };
		BAF3A8DD24BE876400FEA9E0 /* Preview Assets.xcassets in Resources */ = {isa = PBXBuildFile; fileRef = BAF3A8DC24BE876400FEA9E0 /* Preview Assets.xcassets */; };
		BAF3A8E024BE876400FEA9E0 /* LaunchScreen.storyboard in Resources */ = {isa = PBXBuildFile; fileRef = BAF3A8DE24BE876400FEA9E0 /* LaunchScreen.storyboard */; };
		BAF3A8E824BE90F800FEA9E0 /* FriendState.swift in Sources */ = {isa = PBXBuildFile; fileRef = BAF3A8E724BE90F800FEA9E0 /* FriendState.swift */; };
/* End PBXBuildFile section */

/* Begin PBXFileReference section */
		73C313CC0E0F0275470A1320 /* Pods-GH_API_00.debug.xcconfig */ = {isa = PBXFileReference; includeInIndex = 1; lastKnownFileType = text.xcconfig; name = "Pods-GH_API_00.debug.xcconfig"; path = "Target Support Files/Pods-GH_API_00/Pods-GH_API_00.debug.xcconfig"; sourceTree = "<group>"; };
		83B5133C909FFB6D41E211CD /* Pods-GH_API_00.release.xcconfig */ = {isa = PBXFileReference; includeInIndex = 1; lastKnownFileType = text.xcconfig; name = "Pods-GH_API_00.release.xcconfig"; path = "Target Support Files/Pods-GH_API_00/Pods-GH_API_00.release.xcconfig"; sourceTree = "<group>"; };
		BAF3A8D024BE876300FEA9E0 /* GH_API_00.app */ = {isa = PBXFileReference; explicitFileType = wrapper.application; includeInIndex = 0; path = GH_API_00.app; sourceTree = BUILT_PRODUCTS_DIR; };
		BAF3A8D324BE876300FEA9E0 /* AppDelegate.swift */ = {isa = PBXFileReference; lastKnownFileType = sourcecode.swift; path = AppDelegate.swift; sourceTree = "<group>"; };
		BAF3A8D524BE876300FEA9E0 /* SceneDelegate.swift */ = {isa = PBXFileReference; lastKnownFileType = sourcecode.swift; path = SceneDelegate.swift; sourceTree = "<group>"; };
		BAF3A8D724BE876300FEA9E0 /* ContentView.swift */ = {isa = PBXFileReference; lastKnownFileType = sourcecode.swift; path = ContentView.swift; sourceTree = "<group>"; };
		BAF3A8D924BE876400FEA9E0 /* Assets.xcassets */ = {isa = PBXFileReference; lastKnownFileType = folder.assetcatalog; path = Assets.xcassets; sourceTree = "<group>"; };
		BAF3A8DC24BE876400FEA9E0 /* Preview Assets.xcassets */ = {isa = PBXFileReference; lastKnownFileType = folder.assetcatalog; path = "Preview Assets.xcassets"; sourceTree = "<group>"; };
		BAF3A8DF24BE876400FEA9E0 /* Base */ = {isa = PBXFileReference; lastKnownFileType = file.storyboard; name = Base; path = Base.lproj/LaunchScreen.storyboard; sourceTree = "<group>"; };
		BAF3A8E124BE876400FEA9E0 /* Info.plist */ = {isa = PBXFileReference; lastKnownFileType = text.plist.xml; path = Info.plist; sourceTree = "<group>"; };
		BAF3A8E724BE90F800FEA9E0 /* FriendState.swift */ = {isa = PBXFileReference; lastKnownFileType = sourcecode.swift; path = FriendState.swift; sourceTree = "<group>"; };
		D2FC1281BDE4FF9DF245F11F /* Pods_GH_API_00.framework */ = {isa = PBXFileReference; explicitFileType = wrapper.framework; includeInIndex = 0; path = Pods_GH_API_00.framework; sourceTree = BUILT_PRODUCTS_DIR; };
/* End PBXFileReference section */

/* Begin PBXFrameworksBuildPhase section */
		BAF3A8CD24BE876300FEA9E0 /* Frameworks */ = {
			isa = PBXFrameworksBuildPhase;
			buildActionMask = 2147483647;
			files = (
				4705A029DC36294EC7D777E8 /* Pods_GH_API_00.framework in Frameworks */,
			);
			runOnlyForDeploymentPostprocessing = 0;
		};
/* End PBXFrameworksBuildPhase section */

/* Begin PBXGroup section */
		A4F6EB0D269C2A913EDE5C45 /* Frameworks */ = {
			isa = PBXGroup;
			children = (
				D2FC1281BDE4FF9DF245F11F /* Pods_GH_API_00.framework */,
			);
			name = Frameworks;
			sourceTree = "<group>";
		};
		A571A3D0DD506C2A8FBFBC2C /* Pods */ = {
			isa = PBXGroup;
			children = (
				73C313CC0E0F0275470A1320 /* Pods-GH_API_00.debug.xcconfig */,
				83B5133C909FFB6D41E211CD /* Pods-GH_API_00.release.xcconfig */,
			);
			path = Pods;
			sourceTree = "<group>";
		};
		BAF3A8C724BE876300FEA9E0 = {
			isa = PBXGroup;
			children = (
				BAF3A8D224BE876300FEA9E0 /* GH_API_00 */,
				BAF3A8D124BE876300FEA9E0 /* Products */,
				A571A3D0DD506C2A8FBFBC2C /* Pods */,
				A4F6EB0D269C2A913EDE5C45 /* Frameworks */,
			);
			sourceTree = "<group>";
		};
		BAF3A8D124BE876300FEA9E0 /* Products */ = {
			isa = PBXGroup;
			children = (
				BAF3A8D024BE876300FEA9E0 /* GH_API_00.app */,
			);
			name = Products;
			sourceTree = "<group>";
		};
		BAF3A8D224BE876300FEA9E0 /* GH_API_00 */ = {
			isa = PBXGroup;
			children = (
				BAF3A8D324BE876300FEA9E0 /* AppDelegate.swift */,
				BAF3A8D524BE876300FEA9E0 /* SceneDelegate.swift */,
				BAF3A8D724BE876300FEA9E0 /* ContentView.swift */,
				BAF3A8E724BE90F800FEA9E0 /* FriendState.swift */,
				BAF3A8D924BE876400FEA9E0 /* Assets.xcassets */,
				BAF3A8DE24BE876400FEA9E0 /* LaunchScreen.storyboard */,
				BAF3A8E124BE876400FEA9E0 /* Info.plist */,
				BAF3A8DB24BE876400FEA9E0 /* Preview Content */,
			);
			path = GH_API_00;
			sourceTree = "<group>";
		};
		BAF3A8DB24BE876400FEA9E0 /* Preview Content */ = {
			isa = PBXGroup;
			children = (
				BAF3A8DC24BE876400FEA9E0 /* Preview Assets.xcassets */,
			);
			path = "Preview Content";
			sourceTree = "<group>";
		};
/* End PBXGroup section */

/* Begin PBXNativeTarget section */
		BAF3A8CF24BE876300FEA9E0 /* GH_API_00 */ = {
			isa = PBXNativeTarget;
			buildConfigurationList = BAF3A8E424BE876400FEA9E0 /* Build configuration list for PBXNativeTarget "GH_API_00" */;
			buildPhases = (
				F49F256FB0F5584EE274AF07 /* [CP] Check Pods Manifest.lock */,
				BAF3A8CC24BE876300FEA9E0 /* Sources */,
				BAF3A8CD24BE876300FEA9E0 /* Frameworks */,
				BAF3A8CE24BE876300FEA9E0 /* Resources */,
				0F841D0044A23D5AFB8CFDDD /* [CP] Embed Pods Frameworks */,
			);
			buildRules = (
			);
			dependencies = (
			);
			name = GH_API_00;
			productName = GH_API_00;
			productReference = BAF3A8D024BE876300FEA9E0 /* GH_API_00.app */;
			productType = "com.apple.product-type.application";
		};
/* End PBXNativeTarget section */

/* Begin PBXProject section */
		BAF3A8C824BE876300FEA9E0 /* Project object */ = {
			isa = PBXProject;
			attributes = {
				LastSwiftUpdateCheck = 1150;
				LastUpgradeCheck = 1150;
				ORGANIZATIONNAME = "m interrupt";
				TargetAttributes = {
					BAF3A8CF24BE876300FEA9E0 = {
						CreatedOnToolsVersion = 11.5;
					};
				};
			};
			buildConfigurationList = BAF3A8CB24BE876300FEA9E0 /* Build configuration list for PBXProject "GH_API_00" */;
			compatibilityVersion = "Xcode 9.3";
			developmentRegion = en;
			hasScannedForEncodings = 0;
			knownRegions = (
				en,
				Base,
			);
			mainGroup = BAF3A8C724BE876300FEA9E0;
			productRefGroup = BAF3A8D124BE876300FEA9E0 /* Products */;
			projectDirPath = "";
			projectRoot = "";
			targets = (
				BAF3A8CF24BE876300FEA9E0 /* GH_API_00 */,
			);
		};
/* End PBXProject section */

/* Begin PBXResourcesBuildPhase section */
		BAF3A8CE24BE876300FEA9E0 /* Resources */ = {
			isa = PBXResourcesBuildPhase;
			buildActionMask = 2147483647;
			files = (
				BAF3A8E024BE876400FEA9E0 /* LaunchScreen.storyboard in Resources */,
				BAF3A8DD24BE876400FEA9E0 /* Preview Assets.xcassets in Resources */,
				BAF3A8DA24BE876400FEA9E0 /* Assets.xcassets in Resources */,
			);
			runOnlyForDeploymentPostprocessing = 0;
		};
/* End PBXResourcesBuildPhase section */

/* Begin PBXShellScriptBuildPhase section */
		0F841D0044A23D5AFB8CFDDD /* [CP] Embed Pods Frameworks */ = {
			isa = PBXShellScriptBuildPhase;
			buildActionMask = 2147483647;
			files = (
			);
			inputFileListPaths = (
				"${PODS_ROOT}/Target Support Files/Pods-GH_API_00/Pods-GH_API_00-frameworks-${CONFIGURATION}-input-files.xcfilelist",
			);
			name = "[CP] Embed Pods Frameworks";
			outputFileListPaths = (
				"${PODS_ROOT}/Target Support Files/Pods-GH_API_00/Pods-GH_API_00-frameworks-${CONFIGURATION}-output-files.xcfilelist",
			);
			runOnlyForDeploymentPostprocessing = 0;
			shellPath = /bin/sh;
			shellScript = "\"${PODS_ROOT}/Target Support Files/Pods-GH_API_00/Pods-GH_API_00-frameworks.sh\"\n";
			showEnvVarsInLog = 0;
		};
		F49F256FB0F5584EE274AF07 /* [CP] Check Pods Manifest.lock */ = {
			isa = PBXShellScriptBuildPhase;
			buildActionMask = 2147483647;
			files = (
			);
			inputFileListPaths = (
			);
			inputPaths = (
				"${PODS_PODFILE_DIR_PATH}/Podfile.lock",
				"${PODS_ROOT}/Manifest.lock",
			);
			name = "[CP] Check Pods Manifest.lock";
			outputFileListPaths = (
			);
			outputPaths = (
				"$(DERIVED_FILE_DIR)/Pods-GH_API_00-checkManifestLockResult.txt",
			);
			runOnlyForDeploymentPostprocessing = 0;
			shellPath = /bin/sh;
			shellScript = "diff \"${PODS_PODFILE_DIR_PATH}/Podfile.lock\" \"${PODS_ROOT}/Manifest.lock\" > /dev/null\nif [ $? != 0 ] ; then\n    # print error to STDERR\n    echo \"error: The sandbox is not in sync with the Podfile.lock. Run 'pod install' or update your CocoaPods installation.\" >&2\n    exit 1\nfi\n# This output is used by Xcode 'outputs' to avoid re-running this script phase.\necho \"SUCCESS\" > \"${SCRIPT_OUTPUT_FILE_0}\"\n";
			showEnvVarsInLog = 0;
		};
/* End PBXShellScriptBuildPhase section */

/* Begin PBXSourcesBuildPhase section */
		BAF3A8CC24BE876300FEA9E0 /* Sources */ = {
			isa = PBXSourcesBuildPhase;
			buildActionMask = 2147483647;
			files = (
				BAF3A8D424BE876300FEA9E0 /* AppDelegate.swift in Sources */,
				BAF3A8E824BE90F800FEA9E0 /* FriendState.swift in Sources */,
				BAF3A8D624BE876300FEA9E0 /* SceneDelegate.swift in Sources */,
				BAF3A8D824BE876300FEA9E0 /* ContentView.swift in Sources */,
			);
			runOnlyForDeploymentPostprocessing = 0;
		};
/* End PBXSourcesBuildPhase section */

/* Begin PBXVariantGroup section */
		BAF3A8DE24BE876400FEA9E0 /* LaunchScreen.storyboard */ = {
			isa = PBXVariantGroup;
			children = (
				BAF3A8DF24BE876400FEA9E0 /* Base */,
			);
			name = LaunchScreen.storyboard;
			sourceTree = "<group>";
		};
/* End PBXVariantGroup section */

/* Begin XCBuildConfiguration section */
		BAF3A8E224BE876400FEA9E0 /* Debug */ = {
			isa = XCBuildConfiguration;
			buildSettings = {
				ALWAYS_SEARCH_USER_PATHS = NO;
				CLANG_ANALYZER_NONNULL = YES;
				CLANG_ANALYZER_NUMBER_OBJECT_CONVERSION = YES_AGGRESSIVE;
				CLANG_CXX_LANGUAGE_STANDARD = "gnu++14";
				CLANG_CXX_LIBRARY = "libc++";
				CLANG_ENABLE_MODULES = YES;
				CLANG_ENABLE_OBJC_ARC = YES;
				CLANG_ENABLE_OBJC_WEAK = YES;
				CLANG_WARN_BLOCK_CAPTURE_AUTORELEASING = YES;
				CLANG_WARN_BOOL_CONVERSION = YES;
				CLANG_WARN_COMMA = YES;
				CLANG_WARN_CONSTANT_CONVERSION = YES;
				CLANG_WARN_DEPRECATED_OBJC_IMPLEMENTATIONS = YES;
				CLANG_WARN_DIRECT_OBJC_ISA_USAGE = YES_ERROR;
				CLANG_WARN_DOCUMENTATION_COMMENTS = YES;
				CLANG_WARN_EMPTY_BODY = YES;
				CLANG_WARN_ENUM_CONVERSION = YES;
				CLANG_WARN_INFINITE_RECURSION = YES;
				CLANG_WARN_INT_CONVERSION = YES;
				CLANG_WARN_NON_LITERAL_NULL_CONVERSION = YES;
				CLANG_WARN_OBJC_IMPLICIT_RETAIN_SELF = YES;
				CLANG_WARN_OBJC_LITERAL_CONVERSION = YES;
				CLANG_WARN_OBJC_ROOT_CLASS = YES_ERROR;
				CLANG_WARN_RANGE_LOOP_ANALYSIS = YES;
				CLANG_WARN_STRICT_PROTOTYPES = YES;
				CLANG_WARN_SUSPICIOUS_MOVE = YES;
				CLANG_WARN_UNGUARDED_AVAILABILITY = YES_AGGRESSIVE;
				CLANG_WARN_UNREACHABLE_CODE = YES;
				CLANG_WARN__DUPLICATE_METHOD_MATCH = YES;
				COPY_PHASE_STRIP = NO;
				DEBUG_INFORMATION_FORMAT = dwarf;
				ENABLE_STRICT_OBJC_MSGSEND = YES;
				ENABLE_TESTABILITY = YES;
				GCC_C_LANGUAGE_STANDARD = gnu11;
				GCC_DYNAMIC_NO_PIC = NO;
				GCC_NO_COMMON_BLOCKS = YES;
				GCC_OPTIMIZATION_LEVEL = 0;
				GCC_PREPROCESSOR_DEFINITIONS = (
					"DEBUG=1",
					"$(inherited)",
				);
				GCC_WARN_64_TO_32_BIT_CONVERSION = YES;
				GCC_WARN_ABOUT_RETURN_TYPE = YES_ERROR;
				GCC_WARN_UNDECLARED_SELECTOR = YES;
				GCC_WARN_UNINITIALIZED_AUTOS = YES_AGGRESSIVE;
				GCC_WARN_UNUSED_FUNCTION = YES;
				GCC_WARN_UNUSED_VARIABLE = YES;
				IPHONEOS_DEPLOYMENT_TARGET = 13.5;
				MTL_ENABLE_DEBUG_INFO = INCLUDE_SOURCE;
				MTL_FAST_MATH = YES;
				ONLY_ACTIVE_ARCH = YES;
				SDKROOT = iphoneos;
				SWIFT_ACTIVE_COMPILATION_CONDITIONS = DEBUG;
				SWIFT_OPTIMIZATION_LEVEL = "-Onone";
			};
			name = Debug;
		};
		BAF3A8E324BE876400FEA9E0 /* Release */ = {
			isa = XCBuildConfiguration;
			buildSettings = {
				ALWAYS_SEARCH_USER_PATHS = NO;
				CLANG_ANALYZER_NONNULL = YES;
				CLANG_ANALYZER_NUMBER_OBJECT_CONVERSION = YES_AGGRESSIVE;
				CLANG_CXX_LANGUAGE_STANDARD = "gnu++14";
				CLANG_CXX_LIBRARY = "libc++";
				CLANG_ENABLE_MODULES = YES;
				CLANG_ENABLE_OBJC_ARC = YES;
				CLANG_ENABLE_OBJC_WEAK = YES;
				CLANG_WARN_BLOCK_CAPTURE_AUTORELEASING = YES;
				CLANG_WARN_BOOL_CONVERSION = YES;
				CLANG_WARN_COMMA = YES;
				CLANG_WARN_CONSTANT_CONVERSION = YES;
				CLANG_WARN_DEPRECATED_OBJC_IMPLEMENTATIONS = YES;
				CLANG_WARN_DIRECT_OBJC_ISA_USAGE = YES_ERROR;
				CLANG_WARN_DOCUMENTATION_COMMENTS = YES;
				CLANG_WARN_EMPTY_BODY = YES;
				CLANG_WARN_ENUM_CONVERSION = YES;
				CLANG_WARN_INFINITE_RECURSION = YES;
				CLANG_WARN_INT_CONVERSION = YES;
				CLANG_WARN_NON_LITERAL_NULL_CONVERSION = YES;
				CLANG_WARN_OBJC_IMPLICIT_RETAIN_SELF = YES;
				CLANG_WARN_OBJC_LITERAL_CONVERSION = YES;
				CLANG_WARN_OBJC_ROOT_CLASS = YES_ERROR;
				CLANG_WARN_RANGE_LOOP_ANALYSIS = YES;
				CLANG_WARN_STRICT_PROTOTYPES = YES;
				CLANG_WARN_SUSPICIOUS_MOVE = YES;
				CLANG_WARN_UNGUARDED_AVAILABILITY = YES_AGGRESSIVE;
				CLANG_WARN_UNREACHABLE_CODE = YES;
				CLANG_WARN__DUPLICATE_METHOD_MATCH = YES;
				COPY_PHASE_STRIP = NO;
				DEBUG_INFORMATION_FORMAT = "dwarf-with-dsym";
				ENABLE_NS_ASSERTIONS = NO;
				ENABLE_STRICT_OBJC_MSGSEND = YES;
				GCC_C_LANGUAGE_STANDARD = gnu11;
				GCC_NO_COMMON_BLOCKS = YES;
				GCC_WARN_64_TO_32_BIT_CONVERSION = YES;
				GCC_WARN_ABOUT_RETURN_TYPE = YES_ERROR;
				GCC_WARN_UNDECLARED_SELECTOR = YES;
				GCC_WARN_UNINITIALIZED_AUTOS = YES_AGGRESSIVE;
				GCC_WARN_UNUSED_FUNCTION = YES;
				GCC_WARN_UNUSED_VARIABLE = YES;
				IPHONEOS_DEPLOYMENT_TARGET = 13.5;
				MTL_ENABLE_DEBUG_INFO = NO;
				MTL_FAST_MATH = YES;
				SDKROOT = iphoneos;
				SWIFT_COMPILATION_MODE = wholemodule;
				SWIFT_OPTIMIZATION_LEVEL = "-O";
				VALIDATE_PRODUCT = YES;
			};
			name = Release;
		};
		BAF3A8E524BE876400FEA9E0 /* Debug */ = {
			isa = XCBuildConfiguration;
			baseConfigurationReference = 73C313CC0E0F0275470A1320 /* Pods-GH_API_00.debug.xcconfig */;
			buildSettings = {
				ASSETCATALOG_COMPILER_APPICON_NAME = AppIcon;
				CODE_SIGN_STYLE = Automatic;
				DEVELOPMENT_ASSET_PATHS = "\"GH_API_00/Preview Content\"";
				DEVELOPMENT_TEAM = 7CVP8N8AP9;
				ENABLE_PREVIEWS = YES;
				INFOPLIST_FILE = GH_API_00/Info.plist;
				IPHONEOS_DEPLOYMENT_TARGET = 13.3;
				LD_RUNPATH_SEARCH_PATHS = (
					"$(inherited)",
					"@executable_path/Frameworks",
				);
				PRODUCT_BUNDLE_IDENTIFIER = "com.irqzero.GH-API-00";
				PRODUCT_NAME = "$(TARGET_NAME)";
				SWIFT_VERSION = 5.0;
				TARGETED_DEVICE_FAMILY = "1,2";
			};
			name = Debug;
		};
		BAF3A8E624BE876400FEA9E0 /* Release */ = {
			isa = XCBuildConfiguration;
			baseConfigurationReference = 83B5133C909FFB6D41E211CD /* Pods-GH_API_00.release.xcconfig */;
			buildSettings = {
				ASSETCATALOG_COMPILER_APPICON_NAME = AppIcon;
				CODE_SIGN_STYLE = Automatic;
				DEVELOPMENT_ASSET_PATHS = "\"GH_API_00/Preview Content\"";
				DEVELOPMENT_TEAM = 7CVP8N8AP9;
				ENABLE_PREVIEWS = YES;
				INFOPLIST_FILE = GH_API_00/Info.plist;
				IPHONEOS_DEPLOYMENT_TARGET = 13.3;
				LD_RUNPATH_SEARCH_PATHS = (
					"$(inherited)",
					"@executable_path/Frameworks",
				);
				PRODUCT_BUNDLE_IDENTIFIER = "com.irqzero.GH-API-00";
				PRODUCT_NAME = "$(TARGET_NAME)";
				SWIFT_VERSION = 5.0;
				TARGETED_DEVICE_FAMILY = "1,2";
			};
			name = Release;
		};
/* End XCBuildConfiguration section */

/* Begin XCConfigurationList section */
		BAF3A8CB24BE876300FEA9E0 /* Build configuration list for PBXProject "GH_API_00" */ = {
			isa = XCConfigurationList;
			buildConfigurations = (
				BAF3A8E224BE876400FEA9E0 /* Debug */,
				BAF3A8E324BE876400FEA9E0 /* Release */,
			);
			defaultConfigurationIsVisible = 0;
			defaultConfigurationName = Release;
		};
		BAF3A8E424BE876400FEA9E0 /* Build configuration list for PBXNativeTarget "GH_API_00" */ = {
			isa = XCConfigurationList;
			buildConfigurations = (
				BAF3A8E524BE876400FEA9E0 /* Debug */,
				BAF3A8E624BE876400FEA9E0 /* Release */,
			);
			defaultConfigurationIsVisible = 0;
			defaultConfigurationName = Release;
		};
/* End XCConfigurationList section */
	};
	rootObject = BAF3A8C824BE876300FEA9E0 /* Project object */;
}
